
Microsoft Visual Studio Solution File, Format Version 12.00
# Visual Studio Version 17
VisualStudioVersion = 17.13.35919.96
MinimumVisualStudioVersion = 10.0.40219.1
Project("{FAE04EC0-301F-11D3-BF4B-00C04F79EFBC}") = "WiiBalanceReader", "WiiBalanceReader\WiiBalanceReader.csproj", "{9EB808DC-8422-4558-8BC1-D74C9B76DF39}"
EndProject
Project("{FAE04EC0-301F-11D3-BF4B-00C04F79EFBC}") = "WiiBalanceReaderGUI", "WiiBalanceReaderGUI\WiiBalanceReaderGUI.csproj", "{91373C24-BFB7-4241-9807-E362C1EE1E9A}"
EndProject
Global
	GlobalSection(SolutionConfigurationPlatforms) = preSolution
		Debug|Any CPU = Debug|Any CPU
		Release|Any CPU = Release|Any CPU
	EndGlobalSection
	GlobalSection(ProjectConfigurationPlatforms) = postSolution
		{9EB808DC-8422-4558-8BC1-D74C9B76DF39}.Debug|Any CPU.ActiveCfg = Debug|Any CPU
		{9EB808DC-8422-4558-8BC1-D74C9B76DF39}.Debug|Any CPU.Build.0 = Debug|Any CPU
		{9EB808DC-8422-4558-8BC1-D74C9B76DF39}.Release|Any CPU.ActiveCfg = Release|Any CPU
		{9EB808DC-8422-4558-8BC1-D74C9B76DF39}.Release|Any CPU.Build.0 = Release|Any CPU
		{91373C24-BFB7-4241-9807-E362C1EE1E9A}.Debug|Any CPU.ActiveCfg = Debug|Any CPU
		{91373C24-BFB7-4241-9807-E362C1EE1E9A}.Debug|Any CPU.Build.0 = Debug|Any CPU
		{91373C24-BFB7-4241-9807-E362C1EE1E9A}.Release|Any CPU.ActiveCfg = Release|Any CPU
		{91373C24-BFB7-4241-9807-E362C1EE1E9A}.Release|Any CPU.Build.0 = Release|Any CPU
	EndGlobalSection
	GlobalSection(SolutionProperties) = preSolution
		HideSolutionNode = FALSE
	EndGlobalSection
	GlobalSection(ExtensibilityGlobals) = postSolution
		SolutionGuid = {17EF3507-5376-4B58-B55E-C57D7F2DF034}
	EndGlobalSection
EndGlobal
